
Microsoft Visual Studio Solution File, Format Version 12.00
# Visual Studio Version 17
VisualStudioVersion = 17.0.31903.59
MinimumVisualStudioVersion = 10.0.40219.1
Project("{FAE04EC0-301F-11D3-BF4B-00C04F79EFBC}") = "FleetGo.Domain", "FleetGo.Domain\FleetGo.Domain.csproj", "{2E255FAB-E222-46DB-9F6C-CECCF06174C9}"
EndProject
Project("{FAE04EC0-301F-11D3-BF4B-00C04F79EFBC}") = "FleetGo.Application", "FleetGo.Application\FleetGo.Application.csproj", "{4164D01C-0DA7-44FC-A5C6-E7B18C22DCF3}"
EndProject
Project("{FAE04EC0-301F-11D3-BF4B-00C04F79EFBC}") = "FleetGo.Infrastructure", "FleetGo.Infrastructure\FleetGo.Infrastructure.csproj", "{854A8F91-EE24-4CE9-9EDD-A16E0E989900}"
EndProject
Project("{FAE04EC0-301F-11D3-BF4B-00C04F79EFBC}") = "FleetGo.Api", "FleetGo.Api\FleetGo.Api.csproj", "{A61BA71F-9B32-4985-A474-F58B0404C0ED}"
EndProject
Project("{2150E333-8FDC-42A3-9474-1A3956D46DE8}") = "tests", "tests", "{0AB3BF05-4346-4AA6-1389-037BE0695223}"
EndProject
Project("{FAE04EC0-301F-11D3-BF4B-00C04F79EFBC}") = "FleetGo.Tests", "tests\FleetGo.Tests\FleetGo.Tests.csproj", "{96334D01-5B33-4C86-8491-8EE85583156A}"
EndProject
Global
	GlobalSection(SolutionConfigurationPlatforms) = preSolution
		Debug|Any CPU = Debug|Any CPU
		Debug|x64 = Debug|x64
		Debug|x86 = Debug|x86
		Release|Any CPU = Release|Any CPU
		Release|x64 = Release|x64
		Release|x86 = Release|x86
	EndGlobalSection
	GlobalSection(ProjectConfigurationPlatforms) = postSolution
		{2E255FAB-E222-46DB-9F6C-CECCF06174C9}.Debug|Any CPU.ActiveCfg = Debug|Any CPU
		{2E255FAB-E222-46DB-9F6C-CECCF06174C9}.Debug|Any CPU.Build.0 = Debug|Any CPU
		{2E255FAB-E222-46DB-9F6C-CECCF06174C9}.Debug|x64.ActiveCfg = Debug|Any CPU
		{2E255FAB-E222-46DB-9F6C-CECCF06174C9}.Debug|x64.Build.0 = Debug|Any CPU
		{2E255FAB-E222-46DB-9F6C-CECCF06174C9}.Debug|x86.ActiveCfg = Debug|Any CPU
		{2E255FAB-E222-46DB-9F6C-CECCF06174C9}.Debug|x86.Build.0 = Debug|Any CPU
		{2E255FAB-E222-46DB-9F6C-CECCF06174C9}.Release|Any CPU.ActiveCfg = Release|Any CPU
		{2E255FAB-E222-46DB-9F6C-CECCF06174C9}.Release|Any CPU.Build.0 = Release|Any CPU
		{2E255FAB-E222-46DB-9F6C-CECCF06174C9}.Release|x64.ActiveCfg = Release|Any CPU
		{2E255FAB-E222-46DB-9F6C-CECCF06174C9}.Release|x64.Build.0 = Release|Any CPU
		{2E255FAB-E222-46DB-9F6C-CECCF06174C9}.Release|x86.ActiveCfg = Release|Any CPU
		{2E255FAB-E222-46DB-9F6C-CECCF06174C9}.Release|x86.Build.0 = Release|Any CPU
		{4164D01C-0DA7-44FC-A5C6-E7B18C22DCF3}.Debug|Any CPU.ActiveCfg = Debug|Any CPU
		{4164D01C-0DA7-44FC-A5C6-E7B18C22DCF3}.Debug|Any CPU.Build.0 = Debug|Any CPU
		{4164D01C-0DA7-44FC-A5C6-E7B18C22DCF3}.Debug|x64.ActiveCfg = Debug|Any CPU
		{4164D01C-0DA7-44FC-A5C6-E7B18C22DCF3}.Debug|x64.Build.0 = Debug|Any CPU
		{4164D01C-0DA7-44FC-A5C6-E7B18C22DCF3}.Debug|x86.ActiveCfg = Debug|Any CPU
		{4164D01C-0DA7-44FC-A5C6-E7B18C22DCF3}.Debug|x86.Build.0 = Debug|Any CPU
		{4164D01C-0DA7-44FC-A5C6-E7B18C22DCF3}.Release|Any CPU.ActiveCfg = Release|Any CPU
		{4164D01C-0DA7-44FC-A5C6-E7B18C22DCF3}.Release|Any CPU.Build.0 = Release|Any CPU
		{4164D01C-0DA7-44FC-A5C6-E7B18C22DCF3}.Release|x64.ActiveCfg = Release|Any CPU
		{4164D01C-0DA7-44FC-A5C6-E7B18C22DCF3}.Release|x64.Build.0 = Release|Any CPU
		{4164D01C-0DA7-44FC-A5C6-E7B18C22DCF3}.Release|x86.ActiveCfg = Release|Any CPU
		{4164D01C-0DA7-44FC-A5C6-E7B18C22DCF3}.Release|x86.Build.0 = Release|Any CPU
		{854A8F91-EE24-4CE9-9EDD-A16E0E989900}.Debug|Any CPU.ActiveCfg = Debug|Any CPU
		{854A8F91-EE24-4CE9-9EDD-A16E0E989900}.Debug|Any CPU.Build.0 = Debug|Any CPU
		{854A8F91-EE24-4CE9-9EDD-A16E0E989900}.Debug|x64.ActiveCfg = Debug|Any CPU
		{854A8F91-EE24-4CE9-9EDD-A16E0E989900}.Debug|x64.Build.0 = Debug|Any CPU
		{854A8F91-EE24-4CE9-9EDD-A16E0E989900}.Debug|x86.ActiveCfg = Debug|Any CPU
		{854A8F91-EE24-4CE9-9EDD-A16E0E989900}.Debug|x86.Build.0 = Debug|Any CPU
		{854A8F91-EE24-4CE9-9EDD-A16E0E989900}.Release|Any CPU.ActiveCfg = Release|Any CPU
		{854A8F91-EE24-4CE9-9EDD-A16E0E989900}.Release|Any CPU.Build.0 = Release|Any CPU
		{854A8F91-EE24-4CE9-9EDD-A16E0E989900}.Release|x64.ActiveCfg = Release|Any CPU
		{854A8F91-EE24-4CE9-9EDD-A16E0E989900}.Release|x64.Build.0 = Release|Any CPU
		{854A8F91-EE24-4CE9-9EDD-A16E0E989900}.Release|x86.ActiveCfg = Release|Any CPU
		{854A8F91-EE24-4CE9-9EDD-A16E0E989900}.Release|x86.Build.0 = Release|Any CPU
		{A61BA71F-9B32-4985-A474-F58B0404C0ED}.Debug|Any CPU.ActiveCfg = Debug|Any CPU
		{A61BA71F-9B32-4985-A474-F58B0404C0ED}.Debug|Any CPU.Build.0 = Debug|Any CPU
		{A61BA71F-9B32-4985-A474-F58B0404C0ED}.Debug|x64.ActiveCfg = Debug|Any CPU
		{A61BA71F-9B32-4985-A474-F58B0404C0ED}.Debug|x64.Build.0 = Debug|Any CPU
		{A61BA71F-9B32-4985-A474-F58B0404C0ED}.Debug|x86.ActiveCfg = Debug|Any CPU
		{A61BA71F-9B32-4985-A474-F58B0404C0ED}.Debug|x86.Build.0 = Debug|Any CPU
		{A61BA71F-9B32-4985-A474-F58B0404C0ED}.Release|Any CPU.ActiveCfg = Release|Any CPU
		{A61BA71F-9B32-4985-A474-F58B0404C0ED}.Release|Any CPU.Build.0 = Release|Any CPU
		{A61BA71F-9B32-4985-A474-F58B0404C0ED}.Release|x64.ActiveCfg = Release|Any CPU
		{A61BA71F-9B32-4985-A474-F58B0404C0ED}.Release|x64.Build.0 = Release|Any CPU
		{A61BA71F-9B32-4985-A474-F58B0404C0ED}.Release|x86.ActiveCfg = Release|Any CPU
		{A61BA71F-9B32-4985-A474-F58B0404C0ED}.Release|x86.Build.0 = Release|Any CPU
		{96334D01-5B33-4C86-8491-8EE85583156A}.Debug|Any CPU.ActiveCfg = Debug|Any CPU
		{96334D01-5B33-4C86-8491-8EE85583156A}.Debug|Any CPU.Build.0 = Debug|Any CPU
		{96334D01-5B33-4C86-8491-8EE85583156A}.Debug|x64.ActiveCfg = Debug|Any CPU
		{96334D01-5B33-4C86-8491-8EE85583156A}.Debug|x64.Build.0 = Debug|Any CPU
		{96334D01-5B33-4C86-8491-8EE85583156A}.Debug|x86.ActiveCfg = Debug|Any CPU
		{96334D01-5B33-4C86-8491-8EE85583156A}.Debug|x86.Build.0 = Debug|Any CPU
		{96334D01-5B33-4C86-8491-8EE85583156A}.Release|Any CPU.ActiveCfg = Release|Any CPU
		{96334D01-5B33-4C86-8491-8EE85583156A}.Release|Any CPU.Build.0 = Release|Any CPU
		{96334D01-5B33-4C86-8491-8EE85583156A}.Release|x64.ActiveCfg = Release|Any CPU
		{96334D01-5B33-4C86-8491-8EE85583156A}.Release|x64.Build.0 = Release|Any CPU
		{96334D01-5B33-4C86-8491-8EE85583156A}.Release|x86.ActiveCfg = Release|Any CPU
		{96334D01-5B33-4C86-8491-8EE85583156A}.Release|x86.Build.0 = Release|Any CPU
	EndGlobalSection
	GlobalSection(SolutionProperties) = preSolution
		HideSolutionNode = FALSE
	EndGlobalSection
	GlobalSection(NestedProjects) = preSolution
		{96334D01-5B33-4C86-8491-8EE85583156A} = {0AB3BF05-4346-4AA6-1389-037BE0695223}
	EndGlobalSection
EndGlobal
